<?xml version="1.0" encoding="utf-8"?>
<Project ToolsVersion="4.0" xmlns="http://schemas.microsoft.com/developer/msbuild/2003">
  <ItemGroup>
    <None Include="ClassDiagram.cd" />
    <None Include="packages.config" />
  </ItemGroup>
  <ItemGroup>
    <ClCompile Include="src\main.cpp" />
    <ClCompile Include="src\Algorithms\AStarSearch.cpp" />
    <ClCompile Include="src\Algorithms\guid.cpp" />
    <ClCompile Include="src\Algorithms\SAT.cpp" />
    <ClCompile Include="src\Algorithms\StateMachine.cpp" />
    <ClCompile Include="src\Algorithms\V2Tools.cpp" />
    <ClCompile Include="src\Core\CollisionManager.cpp" />
    <ClCompile Include="src\Core\Console.cpp" />
    <ClCompile Include="src\Core\CycleCounter.cpp" />
    <ClCompile Include="src\Core\Game.cpp" />
    <ClCompile Include="src\Core\GameLogicManager.cpp" />
    <ClCompile Include="src\Core\TextureManager.cpp" />
    <ClCompile Include="src\GameEntities\AnimationHandler.cpp" />
    <ClCompile Include="src\GameEntities\Enemies.cpp" />
    <ClCompile Include="src\GameEntities\NPC.cpp" />
    <ClCompile Include="src\GameEntities\Player.cpp" />
    <ClCompile Include="src\GameStates\GameStateEditor.cpp" />
    <ClCompile Include="src\GameStates\GameStateLoading.cpp" />
    <ClCompile Include="src\GameStates\GameStatePlaying.cpp" />
    <ClCompile Include="src\GameStates\GameStateStart.cpp" />
    <ClCompile Include="src\Gui\Cursor.cpp" />
    <ClCompile Include="src\Gui\GUI.cpp" />
    <ClCompile Include="src\Gui\GuiBasicElement.cpp" />
    <ClCompile Include="src\Gui\GuiElements.cpp" />
    <ClCompile Include="src\Gui\GuiFrame.cpp" />
    <ClCompile Include="src\Gui\GuiList.cpp" />
    <ClCompile Include="src\Gui\Healthbar.cpp" />
    <ClCompile Include="src\Input\MKInput.cpp" />
    <ClCompile Include="src\Input\NetworkInput.cpp" />
    <ClCompile Include="src\Map\Map.cpp" />
    <ClCompile Include="src\Map\MapHitbox.cpp" />
    <ClCompile Include="src\Map\MapTools.cpp" />
    <ClCompile Include="src\Map\Tile.cpp" />
    <ClCompile Include="src\Network\NetworkManager.cpp" />
    <ClCompile Include="src\Network\SendBinary.cpp" />
    <ClCompile Include="src\Projectiles\Beam.cpp" />
    <ClCompile Include="src\Projectiles\Bullet.cpp" />
    <ClCompile Include="src\Projectiles\Flame.cpp" />
    <ClCompile Include="src\Projectiles\Pellet.cpp" />
    <ClCompile Include="src\Projectiles\Projectile.cpp" />
    <ClCompile Include="src\Weapons\FlameThrower.cpp" />
    <ClCompile Include="src\Weapons\Railgun.cpp" />
    <ClCompile Include="src\Weapons\Shotgun.cpp" />
    <ClCompile Include="src\Weapons\SMG.cpp" />
    <ClCompile Include="src\Weapons\Weapon.cpp" />
    <ClCompile Include="src\stdafx.cpp" />
  </ItemGroup>
  <ItemGroup>
    <ClInclude Include="src\Algorithms\AStarSearch.h" />
    <ClInclude Include="src\Algorithms\function.h" />
    <ClInclude Include="src\Algorithms\guid.h" />
    <ClInclude Include="src\Algorithms\Node.h" />
    <ClInclude Include="src\Algorithms\observer.h" />
    <ClInclude Include="src\Algorithms\SAT.h" />
    <ClInclude Include="src\Algorithms\signal_slot.h" />
    <ClInclude Include="src\Algorithms\SimpleSignal.h" />
    <ClInclude Include="src\Algorithms\StateMachine.h" />
    <ClInclude Include="src\Algorithms\UniformGrid.h" />
    <ClInclude Include="src\Algorithms\V2Tools.h" />
    <ClInclude Include="src\Core\CollisionManager.h" />
    <ClInclude Include="src\Core\Console.h" />
    <ClInclude Include="src\Core\CycleCounter.h" />
    <ClInclude Include="src\Core\Game.h" />
    <ClInclude Include="src\Core\GameLogicManager.h" />
    <ClInclude Include="src\Core\GameObjectManager.h" />
    <ClInclude Include="src\Core\GameSettingConstants.h" />
    <ClInclude Include="src\Core\TextureManager.h" />
    <ClInclude Include="src\GameEntities\AnimatedModel.h" />
    <ClInclude Include="src\GameEntities\AnimationHandler.h" />
    <ClInclude Include="src\GameEntities\Enemies.h" />
    <ClInclude Include="src\GameEntities\IAtomicEntity.h" />
    <ClInclude Include="src\GameEntities\NPC.h" />
    <ClInclude Include="src\GameEntities\Player.h" />
    <ClInclude Include="src\GameStates\GameStateEditor.h" />
    <ClInclude Include="src\GameStates\GameStateLoading.h" />
    <ClInclude Include="src\GameStates\GameStatePlaying.h" />
    <ClInclude Include="src\GameStates\GameStateStart.h" />
    <ClInclude Include="src\GameStates\IGameState.h" />
    <ClInclude Include="src\Gui\Cursor.h" />
    <ClInclude Include="src\Gui\GUI.h" />
    <ClInclude Include="src\Gui\GuiBasicElement.h" />
    <ClInclude Include="src\Gui\GuiElements.h" />
    <ClInclude Include="src\Gui\GuiFrame.h" />
    <ClInclude Include="src\Gui\GuiList.h" />
    <ClInclude Include="src\Gui\Healthbar.h" />
    <ClInclude Include="src\Input\IPlayerInput.h" />
    <ClInclude Include="src\Input\MKInput.h" />
    <ClInclude Include="src\Input\NetworkInput.h" />
    <ClInclude Include="src\Map\Map.h" />
    <ClInclude Include="src\Map\MapHitbox.h" />
    <ClInclude Include="src\Map\MapTools.h" />
    <ClInclude Include="src\Map\Tile.h" />
    <ClInclude Include="src\Network\NetworkManager.h" />
    <ClInclude Include="src\Network\NetworkPacket.h" />
    <ClInclude Include="src\Network\SendBinary.h" />
    <ClInclude Include="src\Projectiles\Beam.h" />
    <ClInclude Include="src\Projectiles\Bullet.h" />
    <ClInclude Include="src\Projectiles\Flame.h" />
    <ClInclude Include="src\Projectiles\Pellet.h" />
    <ClInclude Include="src\Projectiles\Projectile.h" />
    <ClInclude Include="src\Weapons\FlameThrower.h" />
    <ClInclude Include="src\Weapons\Railgun.h" />
    <ClInclude Include="src\Weapons\Shotgun.h" />
    <ClInclude Include="src\Weapons\SMG.h" />
    <ClInclude Include="src\Weapons\Weapon.h" />
    <ClInclude Include="src\stdafx.h" />
  </ItemGroup>
</Project>